
Microsoft Visual Studio Solution File, Format Version 12.00
# Visual Studio Version 16
VisualStudioVersion = 16.0.30804.86
MinimumVisualStudioVersion = 10.0.40219.1
Project("{FAE04EC0-301F-11D3-BF4B-00C04F79EFBC}") = "BarCrawl", "BarCrawl\BarCrawl\BarCrawl.csproj", "{25DD5FEC-1E42-4306-BD37-2C006C2334C0}"
EndProject
Project("{FAE04EC0-301F-11D3-BF4B-00C04F79EFBC}") = "BarCrawl.Android", "BarCrawl\BarCrawl.Android\BarCrawl.Android.csproj", "{168A2BDF-B211-4F27-B9A3-FC26826C36DD}"
EndProject
Project("{FAE04EC0-301F-11D3-BF4B-00C04F79EFBC}") = "BarCrawl.iOS", "BarCrawl\BarCrawl.iOS\BarCrawl.iOS.csproj", "{113C1222-0942-4E28-8AE1-4F5004ACC310}"
EndProject
Project("{FAE04EC0-301F-11D3-BF4B-00C04F79EFBC}") = "BarCrawl.UWP", "BarCrawl\BarCrawl.UWP\BarCrawl.UWP.csproj", "{8877C8F6-2376-4A8B-9812-8B8064B7FA77}"
EndProject
Global
	GlobalSection(SolutionConfigurationPlatforms) = preSolution
		Ad-Hoc|Any CPU = Ad-Hoc|Any CPU
		Ad-Hoc|ARM = Ad-Hoc|ARM
		Ad-Hoc|iPhone = Ad-Hoc|iPhone
		Ad-Hoc|iPhoneSimulator = Ad-Hoc|iPhoneSimulator
		Ad-Hoc|x64 = Ad-Hoc|x64
		Ad-Hoc|x86 = Ad-Hoc|x86
		AppStore|Any CPU = AppStore|Any CPU
		AppStore|ARM = AppStore|ARM
		AppStore|iPhone = AppStore|iPhone
		AppStore|iPhoneSimulator = AppStore|iPhoneSimulator
		AppStore|x64 = AppStore|x64
		AppStore|x86 = AppStore|x86
		Debug|Any CPU = Debug|Any CPU
		Debug|ARM = Debug|ARM
		Debug|iPhone = Debug|iPhone
		Debug|iPhoneSimulator = Debug|iPhoneSimulator
		Debug|x64 = Debug|x64
		Debug|x86 = Debug|x86
		Release|Any CPU = Release|Any CPU
		Release|ARM = Release|ARM
		Release|iPhone = Release|iPhone
		Release|iPhoneSimulator = Release|iPhoneSimulator
		Release|x64 = Release|x64
		Release|x86 = Release|x86
	EndGlobalSection
	GlobalSection(ProjectConfigurationPlatforms) = postSolution
		{25DD5FEC-1E42-4306-BD37-2C006C2334C0}.Ad-Hoc|Any CPU.ActiveCfg = Debug|Any CPU
		{25DD5FEC-1E42-4306-BD37-2C006C2334C0}.Ad-Hoc|Any CPU.Build.0 = Debug|Any CPU
		{25DD5FEC-1E42-4306-BD37-2C006C2334C0}.Ad-Hoc|ARM.ActiveCfg = Debug|Any CPU
		{25DD5FEC-1E42-4306-BD37-2C006C2334C0}.Ad-Hoc|ARM.Build.0 = Debug|Any CPU
		{25DD5FEC-1E42-4306-BD37-2C006C2334C0}.Ad-Hoc|iPhone.ActiveCfg = Debug|Any CPU
		{25DD5FEC-1E42-4306-BD37-2C006C2334C0}.Ad-Hoc|iPhone.Build.0 = Debug|Any CPU
		{25DD5FEC-1E42-4306-BD37-2C006C2334C0}.Ad-Hoc|iPhoneSimulator.ActiveCfg = Debug|Any CPU
		{25DD5FEC-1E42-4306-BD37-2C006C2334C0}.Ad-Hoc|iPhoneSimulator.Build.0 = Debug|Any CPU
		{25DD5FEC-1E42-4306-BD37-2C006C2334C0}.Ad-Hoc|x64.ActiveCfg = Debug|Any CPU
		{25DD5FEC-1E42-4306-BD37-2C006C2334C0}.Ad-Hoc|x64.Build.0 = Debug|Any CPU
		{25DD5FEC-1E42-4306-BD37-2C006C2334C0}.Ad-Hoc|x86.ActiveCfg = Debug|Any CPU
		{25DD5FEC-1E42-4306-BD37-2C006C2334C0}.Ad-Hoc|x86.Build.0 = Debug|Any CPU
		{25DD5FEC-1E42-4306-BD37-2C006C2334C0}.AppStore|Any CPU.ActiveCfg = Debug|Any CPU
		{25DD5FEC-1E42-4306-BD37-2C006C2334C0}.AppStore|Any CPU.Build.0 = Debug|Any CPU
		{25DD5FEC-1E42-4306-BD37-2C006C2334C0}.AppStore|ARM.ActiveCfg = Debug|Any CPU
		{25DD5FEC-1E42-4306-BD37-2C006C2334C0}.AppStore|ARM.Build.0 = Debug|Any CPU
		{25DD5FEC-1E42-4306-BD37-2C006C2334C0}.AppStore|iPhone.ActiveCfg = Debug|Any CPU
		{25DD5FEC-1E42-4306-BD37-2C006C2334C0}.AppStore|iPhone.Build.0 = Debug|Any CPU
		{25DD5FEC-1E42-4306-BD37-2C006C2334C0}.AppStore|iPhoneSimulator.ActiveCfg = Debug|Any CPU
		{25DD5FEC-1E42-4306-BD37-2C006C2334C0}.AppStore|iPhoneSimulator.Build.0 = Debug|Any CPU
		{25DD5FEC-1E42-4306-BD37-2C006C2334C0}.AppStore|x64.ActiveCfg = Debug|Any CPU
		{25DD5FEC-1E42-4306-BD37-2C006C2334C0}.AppStore|x64.Build.0 = Debug|Any CPU
		{25DD5FEC-1E42-4306-BD37-2C006C2334C0}.AppStore|x86.ActiveCfg = Debug|Any CPU
		{25DD5FEC-1E42-4306-BD37-2C006C2334C0}.AppStore|x86.Build.0 = Debug|Any CPU
		{25DD5FEC-1E42-4306-BD37-2C006C2334C0}.Debug|Any CPU.ActiveCfg = Debug|Any CPU
		{25DD5FEC-1E42-4306-BD37-2C006C2334C0}.Debug|Any CPU.Build.0 = Debug|Any CPU
		{25DD5FEC-1E42-4306-BD37-2C006C2334C0}.Debug|ARM.ActiveCfg = Debug|Any CPU
		{25DD5FEC-1E42-4306-BD37-2C006C2334C0}.Debug|ARM.Build.0 = Debug|Any CPU
		{25DD5FEC-1E42-4306-BD37-2C006C2334C0}.Debug|iPhone.ActiveCfg = Debug|Any CPU
		{25DD5FEC-1E42-4306-BD37-2C006C2334C0}.Debug|iPhone.Build.0 = Debug|Any CPU
		{25DD5FEC-1E42-4306-BD37-2C006C2334C0}.Debug|iPhoneSimulator.ActiveCfg = Debug|Any CPU
		{25DD5FEC-1E42-4306-BD37-2C006C2334C0}.Debug|iPhoneSimulator.Build.0 = Debug|Any CPU
		{25DD5FEC-1E42-4306-BD37-2C006C2334C0}.Debug|x64.ActiveCfg = Debug|Any CPU
		{25DD5FEC-1E42-4306-BD37-2C006C2334C0}.Debug|x64.Build.0 = Debug|Any CPU
		{25DD5FEC-1E42-4306-BD37-2C006C2334C0}.Debug|x86.ActiveCfg = Debug|Any CPU
		{25DD5FEC-1E42-4306-BD37-2C006C2334C0}.Debug|x86.Build.0 = Debug|Any CPU
		{25DD5FEC-1E42-4306-BD37-2C006C2334C0}.Release|Any CPU.ActiveCfg = Release|Any CPU
		{25DD5FEC-1E42-4306-BD37-2C006C2334C0}.Release|Any CPU.Build.0 = Release|Any CPU
		{25DD5FEC-1E42-4306-BD37-2C006C2334C0}.Release|ARM.ActiveCfg = Release|Any CPU
		{25DD5FEC-1E42-4306-BD37-2C006C2334C0}.Release|ARM.Build.0 = Release|Any CPU
		{25DD5FEC-1E42-4306-BD37-2C006C2334C0}.Release|iPhone.ActiveCfg = Release|Any CPU
		{25DD5FEC-1E42-4306-BD37-2C006C2334C0}.Release|iPhone.Build.0 = Release|Any CPU
		{25DD5FEC-1E42-4306-BD37-2C006C2334C0}.Release|iPhoneSimulator.ActiveCfg = Release|Any CPU
		{25DD5FEC-1E42-4306-BD37-2C006C2334C0}.Release|iPhoneSimulator.Build.0 = Release|Any CPU
		{25DD5FEC-1E42-4306-BD37-2C006C2334C0}.Release|x64.ActiveCfg = Release|Any CPU
		{25DD5FEC-1E42-4306-BD37-2C006C2334C0}.Release|x64.Build.0 = Release|Any CPU
		{25DD5FEC-1E42-4306-BD37-2C006C2334C0}.Release|x86.ActiveCfg = Release|Any CPU
		{25DD5FEC-1E42-4306-BD37-2C006C2334C0}.Release|x86.Build.0 = Release|Any CPU
		{168A2BDF-B211-4F27-B9A3-FC26826C36DD}.Ad-Hoc|Any CPU.ActiveCfg = Debug|Any CPU
		{168A2BDF-B211-4F27-B9A3-FC26826C36DD}.Ad-Hoc|Any CPU.Build.0 = Debug|Any CPU
		{168A2BDF-B211-4F27-B9A3-FC26826C36DD}.Ad-Hoc|Any CPU.Deploy.0 = Debug|Any CPU
		{168A2BDF-B211-4F27-B9A3-FC26826C36DD}.Ad-Hoc|ARM.ActiveCfg = Debug|Any CPU
		{168A2BDF-B211-4F27-B9A3-FC26826C36DD}.Ad-Hoc|ARM.Build.0 = Debug|Any CPU
		{168A2BDF-B211-4F27-B9A3-FC26826C36DD}.Ad-Hoc|ARM.Deploy.0 = Debug|Any CPU
		{168A2BDF-B211-4F27-B9A3-FC26826C36DD}.Ad-Hoc|iPhone.ActiveCfg = Debug|Any CPU
		{168A2BDF-B211-4F27-B9A3-FC26826C36DD}.Ad-Hoc|iPhone.Build.0 = Debug|Any CPU
		{168A2BDF-B211-4F27-B9A3-FC26826C36DD}.Ad-Hoc|iPhone.Deploy.0 = Debug|Any CPU
		{168A2BDF-B211-4F27-B9A3-FC26826C36DD}.Ad-Hoc|iPhoneSimulator.ActiveCfg = Debug|Any CPU
		{168A2BDF-B211-4F27-B9A3-FC26826C36DD}.Ad-Hoc|iPhoneSimulator.Build.0 = Debug|Any CPU
		{168A2BDF-B211-4F27-B9A3-FC26826C36DD}.Ad-Hoc|iPhoneSimulator.Deploy.0 = Debug|Any CPU
		{168A2BDF-B211-4F27-B9A3-FC26826C36DD}.Ad-Hoc|x64.ActiveCfg = Debug|Any CPU
		{168A2BDF-B211-4F27-B9A3-FC26826C36DD}.Ad-Hoc|x64.Build.0 = Debug|Any CPU
		{168A2BDF-B211-4F27-B9A3-FC26826C36DD}.Ad-Hoc|x64.Deploy.0 = Debug|Any CPU
		{168A2BDF-B211-4F27-B9A3-FC26826C36DD}.Ad-Hoc|x86.ActiveCfg = Debug|Any CPU
		{168A2BDF-B211-4F27-B9A3-FC26826C36DD}.Ad-Hoc|x86.Build.0 = Debug|Any CPU
		{168A2BDF-B211-4F27-B9A3-FC26826C36DD}.Ad-Hoc|x86.Deploy.0 = Debug|Any CPU
		{168A2BDF-B211-4F27-B9A3-FC26826C36DD}.AppStore|Any CPU.ActiveCfg = Debug|Any CPU
		{168A2BDF-B211-4F27-B9A3-FC26826C36DD}.AppStore|Any CPU.Build.0 = Debug|Any CPU
		{168A2BDF-B211-4F27-B9A3-FC26826C36DD}.AppStore|Any CPU.Deploy.0 = Debug|Any CPU
		{168A2BDF-B211-4F27-B9A3-FC26826C36DD}.AppStore|ARM.ActiveCfg = Debug|Any CPU
		{168A2BDF-B211-4F27-B9A3-FC26826C36DD}.AppStore|ARM.Build.0 = Debug|Any CPU
		{168A2BDF-B211-4F27-B9A3-FC26826C36DD}.AppStore|ARM.Deploy.0 = Debug|Any CPU
		{168A2BDF-B211-4F27-B9A3-FC26826C36DD}.AppStore|iPhone.ActiveCfg = Debug|Any CPU
		{168A2BDF-B211-4F27-B9A3-FC26826C36DD}.AppStore|iPhone.Build.0 = Debug|Any CPU
		{168A2BDF-B211-4F27-B9A3-FC26826C36DD}.AppStore|iPhone.Deploy.0 = Debug|Any CPU
		{168A2BDF-B211-4F27-B9A3-FC26826C36DD}.AppStore|iPhoneSimulator.ActiveCfg = Debug|Any CPU
		{168A2BDF-B211-4F27-B9A3-FC26826C36DD}.AppStore|iPhoneSimulator.Build.0 = Debug|Any CPU
		{168A2BDF-B211-4F27-B9A3-FC26826C36DD}.AppStore|iPhoneSimulator.Deploy.0 = Debug|Any CPU
		{168A2BDF-B211-4F27-B9A3-FC26826C36DD}.AppStore|x64.ActiveCfg = Debug|Any CPU
		{168A2BDF-B211-4F27-B9A3-FC26826C36DD}.AppStore|x64.Build.0 = Debug|Any CPU
		{168A2BDF-B211-4F27-B9A3-FC26826C36DD}.AppStore|x64.Deploy.0 = Debug|Any CPU
		{168A2BDF-B211-4F27-B9A3-FC26826C36DD}.AppStore|x86.ActiveCfg = Debug|Any CPU
		{168A2BDF-B211-4F27-B9A3-FC26826C36DD}.AppStore|x86.Build.0 = Debug|Any CPU
		{168A2BDF-B211-4F27-B9A3-FC26826C36DD}.AppStore|x86.Deploy.0 = Debug|Any CPU
		{168A2BDF-B211-4F27-B9A3-FC26826C36DD}.Debug|Any CPU.ActiveCfg = Debug|Any CPU
		{168A2BDF-B211-4F27-B9A3-FC26826C36DD}.Debug|Any CPU.Build.0 = Debug|Any CPU
		{168A2BDF-B211-4F27-B9A3-FC26826C36DD}.Debug|Any CPU.Deploy.0 = Debug|Any CPU
		{168A2BDF-B211-4F27-B9A3-FC26826C36DD}.Debug|ARM.ActiveCfg = Debug|Any CPU
		{168A2BDF-B211-4F27-B9A3-FC26826C36DD}.Debug|ARM.Build.0 = Debug|Any CPU
		{168A2BDF-B211-4F27-B9A3-FC26826C36DD}.Debug|ARM.Deploy.0 = Debug|Any CPU
		{168A2BDF-B211-4F27-B9A3-FC26826C36DD}.Debug|iPhone.ActiveCfg = Debug|Any CPU
		{168A2BDF-B211-4F27-B9A3-FC26826C36DD}.Debug|iPhone.Build.0 = Debug|Any CPU
		{168A2BDF-B211-4F27-B9A3-FC26826C36DD}.Debug|iPhone.Deploy.0 = Debug|Any CPU
		{168A2BDF-B211-4F27-B9A3-FC26826C36DD}.Debug|iPhoneSimulator.ActiveCfg = Debug|Any CPU
		{168A2BDF-B211-4F27-B9A3-FC26826C36DD}.Debug|iPhoneSimulator.Build.0 = Debug|Any CPU
		{168A2BDF-B211-4F27-B9A3-FC26826C36DD}.Debug|iPhoneSimulator.Deploy.0 = Debug|Any CPU
		{168A2BDF-B211-4F27-B9A3-FC26826C36DD}.Debug|x64.ActiveCfg = Debug|Any CPU
		{168A2BDF-B211-4F27-B9A3-FC26826C36DD}.Debug|x64.Build.0 = Debug|Any CPU
		{168A2BDF-B211-4F27-B9A3-FC26826C36DD}.Debug|x64.Deploy.0 = Debug|Any CPU
		{168A2BDF-B211-4F27-B9A3-FC26826C36DD}.Debug|x86.ActiveCfg = Debug|Any CPU
		{168A2BDF-B211-4F27-B9A3-FC26826C36DD}.Debug|x86.Build.0 = Debug|Any CPU
		{168A2BDF-B211-4F27-B9A3-FC26826C36DD}.Debug|x86.Deploy.0 = Debug|Any CPU
		{168A2BDF-B211-4F27-B9A3-FC26826C36DD}.Release|Any CPU.ActiveCfg = Release|Any CPU
		{168A2BDF-B211-4F27-B9A3-FC26826C36DD}.Release|Any CPU.Build.0 = Release|Any CPU
		{168A2BDF-B211-4F27-B9A3-FC26826C36DD}.Release|Any CPU.Deploy.0 = Release|Any CPU
		{168A2BDF-B211-4F27-B9A3-FC26826C36DD}.Release|ARM.ActiveCfg = Release|Any CPU
		{168A2BDF-B211-4F27-B9A3-FC26826C36DD}.Release|ARM.Build.0 = Release|Any CPU
		{168A2BDF-B211-4F27-B9A3-FC26826C36DD}.Release|ARM.Deploy.0 = Release|Any CPU
		{168A2BDF-B211-4F27-B9A3-FC26826C36DD}.Release|iPhone.ActiveCfg = Release|Any CPU
		{168A2BDF-B211-4F27-B9A3-FC26826C36DD}.Release|iPhone.Build.0 = Release|Any CPU
		{168A2BDF-B211-4F27-B9A3-FC26826C36DD}.Release|iPhone.Deploy.0 = Release|Any CPU
		{168A2BDF-B211-4F27-B9A3-FC26826C36DD}.Release|iPhoneSimulator.ActiveCfg = Release|Any CPU
		{168A2BDF-B211-4F27-B9A3-FC26826C36DD}.Release|iPhoneSimulator.Build.0 = Release|Any CPU
		{168A2BDF-B211-4F27-B9A3-FC26826C36DD}.Release|iPhoneSimulator.Deploy.0 = Release|Any CPU
		{168A2BDF-B211-4F27-B9A3-FC26826C36DD}.Release|x64.ActiveCfg = Release|Any CPU
		{168A2BDF-B211-4F27-B9A3-FC26826C36DD}.Release|x64.Build.0 = Release|Any CPU
		{168A2BDF-B211-4F27-B9A3-FC26826C36DD}.Release|x64.Deploy.0 = Release|Any CPU
		{168A2BDF-B211-4F27-B9A3-FC26826C36DD}.Release|x86.ActiveCfg = Release|Any CPU
		{168A2BDF-B211-4F27-B9A3-FC26826C36DD}.Release|x86.Build.0 = Release|Any CPU
		{168A2BDF-B211-4F27-B9A3-FC26826C36DD}.Release|x86.Deploy.0 = Release|Any CPU
		{113C1222-0942-4E28-8AE1-4F5004ACC310}.Ad-Hoc|Any CPU.ActiveCfg = Ad-Hoc|iPhoneSimulator
		{113C1222-0942-4E28-8AE1-4F5004ACC310}.Ad-Hoc|ARM.ActiveCfg = Ad-Hoc|iPhoneSimulator
		{113C1222-0942-4E28-8AE1-4F5004ACC310}.Ad-Hoc|iPhone.ActiveCfg = Ad-Hoc|iPhone
		{113C1222-0942-4E28-8AE1-4F5004ACC310}.Ad-Hoc|iPhone.Build.0 = Ad-Hoc|iPhone
		{113C1222-0942-4E28-8AE1-4F5004ACC310}.Ad-Hoc|iPhoneSimulator.ActiveCfg = Ad-Hoc|iPhoneSimulator
		{113C1222-0942-4E28-8AE1-4F5004ACC310}.Ad-Hoc|iPhoneSimulator.Build.0 = Ad-Hoc|iPhoneSimulator
		{113C1222-0942-4E28-8AE1-4F5004ACC310}.Ad-Hoc|x64.ActiveCfg = Ad-Hoc|iPhoneSimulator
		{113C1222-0942-4E28-8AE1-4F5004ACC310}.Ad-Hoc|x86.ActiveCfg = Ad-Hoc|iPhoneSimulator
		{113C1222-0942-4E28-8AE1-4F5004ACC310}.AppStore|Any CPU.ActiveCfg = AppStore|iPhoneSimulator
		{113C1222-0942-4E28-8AE1-4F5004ACC310}.AppStore|ARM.ActiveCfg = AppStore|iPhoneSimulator
		{113C1222-0942-4E28-8AE1-4F5004ACC310}.AppStore|iPhone.ActiveCfg = AppStore|iPhone
		{113C1222-0942-4E28-8AE1-4F5004ACC310}.AppStore|iPhone.Build.0 = AppStore|iPhone
		{113C1222-0942-4E28-8AE1-4F5004ACC310}.AppStore|iPhoneSimulator.ActiveCfg = AppStore|iPhoneSimulator
		{113C1222-0942-4E28-8AE1-4F5004ACC310}.AppStore|iPhoneSimulator.Build.0 = AppStore|iPhoneSimulator
		{113C1222-0942-4E28-8AE1-4F5004ACC310}.AppStore|x64.ActiveCfg = AppStore|iPhoneSimulator
		{113C1222-0942-4E28-8AE1-4F5004ACC310}.AppStore|x86.ActiveCfg = AppStore|iPhoneSimulator
		{113C1222-0942-4E28-8AE1-4F5004ACC310}.Debug|Any CPU.ActiveCfg = Debug|iPhoneSimulator
		{113C1222-0942-4E28-8AE1-4F5004ACC310}.Debug|ARM.ActiveCfg = Debug|iPhoneSimulator
		{113C1222-0942-4E28-8AE1-4F5004ACC310}.Debug|iPhone.ActiveCfg = Debug|iPhone
		{113C1222-0942-4E28-8AE1-4F5004ACC310}.Debug|iPhone.Build.0 = Debug|iPhone
		{113C1222-0942-4E28-8AE1-4F5004ACC310}.Debug|iPhoneSimulator.ActiveCfg = Debug|iPhoneSimulator
		{113C1222-0942-4E28-8AE1-4F5004ACC310}.Debug|iPhoneSimulator.Build.0 = Debug|iPhoneSimulator
		{113C1222-0942-4E28-8AE1-4F5004ACC310}.Debug|x64.ActiveCfg = Debug|iPhoneSimulator
		{113C1222-0942-4E28-8AE1-4F5004ACC310}.Debug|x86.ActiveCfg = Debug|iPhoneSimulator
		{113C1222-0942-4E28-8AE1-4F5004ACC310}.Release|Any CPU.ActiveCfg = Release|iPhoneSimulator
		{113C1222-0942-4E28-8AE1-4F5004ACC310}.Release|ARM.ActiveCfg = Release|iPhoneSimulator
		{113C1222-0942-4E28-8AE1-4F5004ACC310}.Release|iPhone.ActiveCfg = Release|iPhone
		{113C1222-0942-4E28-8AE1-4F5004ACC310}.Release|iPhone.Build.0 = Release|iPhone
		{113C1222-0942-4E28-8AE1-4F5004ACC310}.Release|iPhoneSimulator.ActiveCfg = Release|iPhoneSimulator
		{113C1222-0942-4E28-8AE1-4F5004ACC310}.Release|iPhoneSimulator.Build.0 = Release|iPhoneSimulator
		{113C1222-0942-4E28-8AE1-4F5004ACC310}.Release|x64.ActiveCfg = Release|iPhoneSimulator
		{113C1222-0942-4E28-8AE1-4F5004ACC310}.Release|x86.ActiveCfg = Release|iPhoneSimulator
		{8877C8F6-2376-4A8B-9812-8B8064B7FA77}.Ad-Hoc|Any CPU.ActiveCfg = Debug|ARM
		{8877C8F6-2376-4A8B-9812-8B8064B7FA77}.Ad-Hoc|Any CPU.Build.0 = Debug|ARM
		{8877C8F6-2376-4A8B-9812-8B8064B7FA77}.Ad-Hoc|Any CPU.Deploy.0 = Debug|ARM
		{8877C8F6-2376-4A8B-9812-8B8064B7FA77}.Ad-Hoc|ARM.ActiveCfg = Debug|ARM
		{8877C8F6-2376-4A8B-9812-8B8064B7FA77}.Ad-Hoc|ARM.Build.0 = Debug|ARM
		{8877C8F6-2376-4A8B-9812-8B8064B7FA77}.Ad-Hoc|ARM.Deploy.0 = Debug|ARM
		{8877C8F6-2376-4A8B-9812-8B8064B7FA77}.Ad-Hoc|iPhone.ActiveCfg = Debug|ARM
		{8877C8F6-2376-4A8B-9812-8B8064B7FA77}.Ad-Hoc|iPhone.Build.0 = Debug|ARM
		{8877C8F6-2376-4A8B-9812-8B8064B7FA77}.Ad-Hoc|iPhone.Deploy.0 = Debug|ARM
		{8877C8F6-2376-4A8B-9812-8B8064B7FA77}.Ad-Hoc|iPhoneSimulator.ActiveCfg = Debug|ARM
		{8877C8F6-2376-4A8B-9812-8B8064B7FA77}.Ad-Hoc|iPhoneSimulator.Build.0 = Debug|ARM
		{8877C8F6-2376-4A8B-9812-8B8064B7FA77}.Ad-Hoc|iPhoneSimulator.Deploy.0 = Debug|ARM
		{8877C8F6-2376-4A8B-9812-8B8064B7FA77}.Ad-Hoc|x64.ActiveCfg = Debug|x64
		{8877C8F6-2376-4A8B-9812-8B8064B7FA77}.Ad-Hoc|x64.Build.0 = Debug|x64
		{8877C8F6-2376-4A8B-9812-8B8064B7FA77}.Ad-Hoc|x64.Deploy.0 = Debug|x64
		{8877C8F6-2376-4A8B-9812-8B8064B7FA77}.Ad-Hoc|x86.ActiveCfg = Debug|x86
		{8877C8F6-2376-4A8B-9812-8B8064B7FA77}.Ad-Hoc|x86.Build.0 = Debug|x86
		{8877C8F6-2376-4A8B-9812-8B8064B7FA77}.Ad-Hoc|x86.Deploy.0 = Debug|x86
		{8877C8F6-2376-4A8B-9812-8B8064B7FA77}.AppStore|Any CPU.ActiveCfg = Debug|ARM
		{8877C8F6-2376-4A8B-9812-8B8064B7FA77}.AppStore|Any CPU.Build.0 = Debug|ARM
		{8877C8F6-2376-4A8B-9812-8B8064B7FA77}.AppStore|Any CPU.Deploy.0 = Debug|ARM
		{8877C8F6-2376-4A8B-9812-8B8064B7FA77}.AppStore|ARM.ActiveCfg = Debug|ARM
		{8877C8F6-2376-4A8B-9812-8B8064B7FA77}.AppStore|ARM.Build.0 = Debug|ARM
		{8877C8F6-2376-4A8B-9812-8B8064B7FA77}.AppStore|ARM.Deploy.0 = Debug|ARM
		{8877C8F6-2376-4A8B-9812-8B8064B7FA77}.AppStore|iPhone.ActiveCfg = Debug|ARM
		{8877C8F6-2376-4A8B-9812-8B8064B7FA77}.AppStore|iPhone.Build.0 = Debug|ARM
		{8877C8F6-2376-4A8B-9812-8B8064B7FA77}.AppStore|iPhone.Deploy.0 = Debug|ARM
		{8877C8F6-2376-4A8B-9812-8B8064B7FA77}.AppStore|iPhoneSimulator.ActiveCfg = Debug|ARM
		{8877C8F6-2376-4A8B-9812-8B8064B7FA77}.AppStore|iPhoneSimulator.Build.0 = Debug|ARM
		{8877C8F6-2376-4A8B-9812-8B8064B7FA77}.AppStore|iPhoneSimulator.Deploy.0 = Debug|ARM
		{8877C8F6-2376-4A8B-9812-8B8064B7FA77}.AppStore|x64.ActiveCfg = Debug|x64
		{8877C8F6-2376-4A8B-9812-8B8064B7FA77}.AppStore|x64.Build.0 = Debug|x64
		{8877C8F6-2376-4A8B-9812-8B8064B7FA77}.AppStore|x64.Deploy.0 = Debug|x64
		{8877C8F6-2376-4A8B-9812-8B8064B7FA77}.AppStore|x86.ActiveCfg = Debug|x86
		{8877C8F6-2376-4A8B-9812-8B8064B7FA77}.AppStore|x86.Build.0 = Debug|x86
		{8877C8F6-2376-4A8B-9812-8B8064B7FA77}.AppStore|x86.Deploy.0 = Debug|x86
		{8877C8F6-2376-4A8B-9812-8B8064B7FA77}.Debug|Any CPU.ActiveCfg = Debug|x86
		{8877C8F6-2376-4A8B-9812-8B8064B7FA77}.Debug|ARM.ActiveCfg = Debug|ARM
		{8877C8F6-2376-4A8B-9812-8B8064B7FA77}.Debug|ARM.Build.0 = Debug|ARM
		{8877C8F6-2376-4A8B-9812-8B8064B7FA77}.Debug|ARM.Deploy.0 = Debug|ARM
		{8877C8F6-2376-4A8B-9812-8B8064B7FA77}.Debug|iPhone.ActiveCfg = Debug|x86
		{8877C8F6-2376-4A8B-9812-8B8064B7FA77}.Debug|iPhoneSimulator.ActiveCfg = Debug|x86
		{8877C8F6-2376-4A8B-9812-8B8064B7FA77}.Debug|x64.ActiveCfg = Debug|x64
		{8877C8F6-2376-4A8B-9812-8B8064B7FA77}.Debug|x64.Build.0 = Debug|x64
		{8877C8F6-2376-4A8B-9812-8B8064B7FA77}.Debug|x64.Deploy.0 = Debug|x64
		{8877C8F6-2376-4A8B-9812-8B8064B7FA77}.Debug|x86.ActiveCfg = Debug|x86
		{8877C8F6-2376-4A8B-9812-8B8064B7FA77}.Debug|x86.Build.0 = Debug|x86
		{8877C8F6-2376-4A8B-9812-8B8064B7FA77}.Debug|x86.Deploy.0 = Debug|x86
		{8877C8F6-2376-4A8B-9812-8B8064B7FA77}.Release|Any CPU.ActiveCfg = Release|x86
		{8877C8F6-2376-4A8B-9812-8B8064B7FA77}.Release|ARM.ActiveCfg = Release|ARM
		{8877C8F6-2376-4A8B-9812-8B8064B7FA77}.Release|ARM.Build.0 = Release|ARM
		{8877C8F6-2376-4A8B-9812-8B8064B7FA77}.Release|ARM.Deploy.0 = Release|ARM
		{8877C8F6-2376-4A8B-9812-8B8064B7FA77}.Release|iPhone.ActiveCfg = Release|x86
		{8877C8F6-2376-4A8B-9812-8B8064B7FA77}.Release|iPhoneSimulator.ActiveCfg = Release|x86
		{8877C8F6-2376-4A8B-9812-8B8064B7FA77}.Release|x64.ActiveCfg = Release|x64
		{8877C8F6-2376-4A8B-9812-8B8064B7FA77}.Release|x64.Build.0 = Release|x64
		{8877C8F6-2376-4A8B-9812-8B8064B7FA77}.Release|x64.Deploy.0 = Release|x64
		{8877C8F6-2376-4A8B-9812-8B8064B7FA77}.Release|x86.ActiveCfg = Release|x86
		{8877C8F6-2376-4A8B-9812-8B8064B7FA77}.Release|x86.Build.0 = Release|x86
		{8877C8F6-2376-4A8B-9812-8B8064B7FA77}.Release|x86.Deploy.0 = Release|x86
	EndGlobalSection
	GlobalSection(SolutionProperties) = preSolution
		HideSolutionNode = FALSE
	EndGlobalSection
	GlobalSection(ExtensibilityGlobals) = postSolution
		SolutionGuid = {788913F6-7449-4048-8981-1AA0979B220D}
	EndGlobalSection
EndGlobal
